{
  "name": "node_resources",
  "requires": true,
  "lockfileVersion": 1,
  "dependencies": {
    "@applitools/dom-capture": {
      "version": "6.1.5",
      "resolved": "https://registry.npmjs.org/@applitools/dom-capture/-/dom-capture-6.1.5.tgz",
      "integrity": "sha512-4+bQee8VG4UWXXjyDPVsHZ+nqrNA090cqPp22CwBoNLvv3qBSr3f5J2+cG05j+xNI0BOu70WSBSCdUxFWC28cg==",
      "requires": {
        "@applitools/functional-commons": "^1.0.27"
      }
    },
    "@applitools/functional-commons": {
      "version": "1.0.27",
      "resolved": "https://registry.npmjs.org/@applitools/functional-commons/-/functional-commons-1.0.27.tgz",
      "integrity": "sha512-tQjD+CloqvFSc7b/tyPsTADSkQTfHL3S49OL0I4Mgufr1b1y95E0YDASLuM2QaMbFYxzTCtFwHXkCdZvSqEbkg=="
    }
  }
}
