{
  "name": "node_resources",
  "requires": true,
  "lockfileVersion": 1,
  "dependencies": {
    "@applitools/dom-capture": {
      "version": "7.0.11",
      "resolved": "https://registry.npmjs.org/@applitools/dom-capture/-/dom-capture-7.0.11.tgz",
      "integrity": "sha512-75NkfNixeO6oXPvTXiwV13ht8J4H2D6pCUK3MhIXtdn9Xu6IbgQEp2KkNb6VzcZPiv+Ad86AQFUR07zqdGbKmg==",
      "requires": {
        "@applitools/functional-commons": "1.4.1"
      }
    },
    "@applitools/dom-snapshot": {
      "version": "1.3.6",
      "resolved": "https://registry.npmjs.org/@applitools/dom-snapshot/-/dom-snapshot-1.3.6.tgz",
      "integrity": "sha512-wHWD1jD2H/UP4Q2VkxYLFmYUsGdY/S+N35bmOIzUrNcWhTCWMtViuFvfmfiLp7AG+ymHC3KQ200e+4U52Sd4jg==",
      "requires": {
        "@applitools/functional-commons": "1.4.1"
      }
    },
    "@applitools/functional-commons": {
      "version": "1.4.1",
      "resolved": "https://registry.npmjs.org/@applitools/functional-commons/-/functional-commons-1.4.1.tgz",
      "integrity": "sha512-fdujyjZNzG5vxtWC8JZY0Kc6pIybpI3k3ookOBMKmntejKGzKZbufRRNG3okyj10OD+a9DtnHtl3lEkDPlB+Ug=="
    }
  }
}
