{
  "name": "node_resources",
  "requires": true,
  "lockfileVersion": 1,
  "dependencies": {
    "@applitools/dom-capture": {
      "version": "7.0.2",
      "resolved": "https://registry.npmjs.org/@applitools/dom-capture/-/dom-capture-7.0.2.tgz",
      "integrity": "sha512-bJwyDxJwpPDpSlfdTdL3Y6tuEl4d4EzBnGKRG6kjyIteRR1EkteDPCwkNuEBNQL2YqiqRDiSRiHCL2oqV4y6vQ==",
      "requires": {
        "@applitools/functional-commons": "^1.0.27"
      }
    },
    "@applitools/dom-snapshot": {
      "version": "1.0.1",
      "resolved": "https://registry.npmjs.org/@applitools/dom-snapshot/-/dom-snapshot-1.0.1.tgz",
      "integrity": "sha512-PMPlq3Ptjl67J1w7Ma5bmRdghgQnChP7k0Ln30MAf4jP4QALtL4vKNr4MlFSOtDqlgaZgkEKVlj5WLsGTEdwAw==",
      "requires": {
        "@applitools/functional-commons": "^1.0.27"
      }
    },
    "@applitools/functional-commons": {
      "version": "1.0.27",
      "resolved": "https://registry.npmjs.org/@applitools/functional-commons/-/functional-commons-1.0.27.tgz",
      "integrity": "sha512-tQjD+CloqvFSc7b/tyPsTADSkQTfHL3S49OL0I4Mgufr1b1y95E0YDASLuM2QaMbFYxzTCtFwHXkCdZvSqEbkg=="
    }
  }
}
